
Microsoft Visual Studio Solution File, Format Version 11.00
# Visual Studio 2010
# SharpDevelop 4.4
Project("{FD48973F-F585-4F70-812B-4D0503B36CE9}") = "Prog 162h", "Prog 162h\Prog 162h.pyproj", "{09933C63-E758-444A-96A1-11FA95A9034E}"
EndProject
Global
	GlobalSection(SolutionConfigurationPlatforms) = preSolution
		Debug|Any CPU = Debug|Any CPU
		Release|Any CPU = Release|Any CPU
	EndGlobalSection
	GlobalSection(ProjectConfigurationPlatforms) = postSolution
		{09933C63-E758-444A-96A1-11FA95A9034E}.Debug|Any CPU.Build.0 = Debug|Any CPU
		{09933C63-E758-444A-96A1-11FA95A9034E}.Debug|Any CPU.ActiveCfg = Debug|Any CPU
		{09933C63-E758-444A-96A1-11FA95A9034E}.Release|Any CPU.Build.0 = Release|Any CPU
		{09933C63-E758-444A-96A1-11FA95A9034E}.Release|Any CPU.ActiveCfg = Release|Any CPU
	EndGlobalSection
EndGlobal
