
Microsoft Visual Studio Solution File, Format Version 11.00
# Visual Studio 2010
# SharpDevelop 4.4
Project("{FD48973F-F585-4F70-812B-4D0503B36CE9}") = "Prog122h", "Prog122h\Prog122h.pyproj", "{A09E06CF-5F21-49EF-A5E6-10C8D28E9FA9}"
EndProject
Global
	GlobalSection(SolutionConfigurationPlatforms) = preSolution
		Debug|Any CPU = Debug|Any CPU
		Release|Any CPU = Release|Any CPU
	EndGlobalSection
	GlobalSection(ProjectConfigurationPlatforms) = postSolution
		{A09E06CF-5F21-49EF-A5E6-10C8D28E9FA9}.Debug|Any CPU.Build.0 = Debug|Any CPU
		{A09E06CF-5F21-49EF-A5E6-10C8D28E9FA9}.Debug|Any CPU.ActiveCfg = Debug|Any CPU
		{A09E06CF-5F21-49EF-A5E6-10C8D28E9FA9}.Release|Any CPU.Build.0 = Release|Any CPU
		{A09E06CF-5F21-49EF-A5E6-10C8D28E9FA9}.Release|Any CPU.ActiveCfg = Release|Any CPU
	EndGlobalSection
EndGlobal
