
Microsoft Visual Studio Solution File, Format Version 11.00
# Visual Studio 2010
# SharpDevelop 4.4
Project("{FD48973F-F585-4F70-812B-4D0503B36CE9}") = "Pg119", "Pg119\Pg119.pyproj", "{37221989-CD9A-4774-9DF1-D568BC0A76CA}"
EndProject
Global
	GlobalSection(SolutionConfigurationPlatforms) = preSolution
		Debug|Any CPU = Debug|Any CPU
		Release|Any CPU = Release|Any CPU
	EndGlobalSection
	GlobalSection(ProjectConfigurationPlatforms) = postSolution
		{37221989-CD9A-4774-9DF1-D568BC0A76CA}.Debug|Any CPU.Build.0 = Debug|Any CPU
		{37221989-CD9A-4774-9DF1-D568BC0A76CA}.Debug|Any CPU.ActiveCfg = Debug|Any CPU
		{37221989-CD9A-4774-9DF1-D568BC0A76CA}.Release|Any CPU.Build.0 = Release|Any CPU
		{37221989-CD9A-4774-9DF1-D568BC0A76CA}.Release|Any CPU.ActiveCfg = Release|Any CPU
	EndGlobalSection
EndGlobal
