
Microsoft Visual Studio Solution File, Format Version 11.00
# Visual Studio 2010
# SharpDevelop 4.4
Project("{FD48973F-F585-4F70-812B-4D0503B36CE9}") = "Favorite Club GUI", "Favorite Club GUI\Favorite Club GUI.pyproj", "{57A8A64B-C72D-4665-B87C-379B401D74AF}"
EndProject
Global
	GlobalSection(SolutionConfigurationPlatforms) = preSolution
		Debug|Any CPU = Debug|Any CPU
		Release|Any CPU = Release|Any CPU
	EndGlobalSection
	GlobalSection(ProjectConfigurationPlatforms) = postSolution
		{57A8A64B-C72D-4665-B87C-379B401D74AF}.Debug|Any CPU.Build.0 = Debug|Any CPU
		{57A8A64B-C72D-4665-B87C-379B401D74AF}.Debug|Any CPU.ActiveCfg = Debug|Any CPU
		{57A8A64B-C72D-4665-B87C-379B401D74AF}.Release|Any CPU.Build.0 = Release|Any CPU
		{57A8A64B-C72D-4665-B87C-379B401D74AF}.Release|Any CPU.ActiveCfg = Release|Any CPU
	EndGlobalSection
EndGlobal
