
Microsoft Visual Studio Solution File, Format Version 11.00
# Visual Studio 2010
# SharpDevelop 4.4
Project("{FD48973F-F585-4F70-812B-4D0503B36CE9}") = "Prog122i", "Prog122i.pyproj", "{76DB20DC-DC46-4DDC-A75F-1079D0C0FEEE}"
EndProject
Global
	GlobalSection(SolutionConfigurationPlatforms) = preSolution
		Debug|Any CPU = Debug|Any CPU
		Release|Any CPU = Release|Any CPU
	EndGlobalSection
	GlobalSection(ProjectConfigurationPlatforms) = postSolution
		{76DB20DC-DC46-4DDC-A75F-1079D0C0FEEE}.Debug|Any CPU.Build.0 = Debug|Any CPU
		{76DB20DC-DC46-4DDC-A75F-1079D0C0FEEE}.Debug|Any CPU.ActiveCfg = Debug|Any CPU
		{76DB20DC-DC46-4DDC-A75F-1079D0C0FEEE}.Release|Any CPU.Build.0 = Release|Any CPU
		{76DB20DC-DC46-4DDC-A75F-1079D0C0FEEE}.Release|Any CPU.ActiveCfg = Release|Any CPU
	EndGlobalSection
EndGlobal
