
Microsoft Visual Studio Solution File, Format Version 11.00
# Visual Studio 2010
# SharpDevelop 4.4
Project("{FD48973F-F585-4F70-812B-4D0503B36CE9}") = "prog82a", "prog82a\prog82a.pyproj", "{DC55B262-4047-46EF-9BB9-5CE85FFC9A0E}"
EndProject
Global
	GlobalSection(SolutionConfigurationPlatforms) = preSolution
		Debug|Any CPU = Debug|Any CPU
		Release|Any CPU = Release|Any CPU
	EndGlobalSection
	GlobalSection(ProjectConfigurationPlatforms) = postSolution
		{DC55B262-4047-46EF-9BB9-5CE85FFC9A0E}.Debug|Any CPU.Build.0 = Debug|Any CPU
		{DC55B262-4047-46EF-9BB9-5CE85FFC9A0E}.Debug|Any CPU.ActiveCfg = Debug|Any CPU
		{DC55B262-4047-46EF-9BB9-5CE85FFC9A0E}.Release|Any CPU.Build.0 = Release|Any CPU
		{DC55B262-4047-46EF-9BB9-5CE85FFC9A0E}.Release|Any CPU.ActiveCfg = Release|Any CPU
	EndGlobalSection
EndGlobal
