
Microsoft Visual Studio Solution File, Format Version 11.00
# Visual Studio 2010
# SharpDevelop 4.4
Project("{FD48973F-F585-4F70-812B-4D0503B36CE9}") = "prog65h", "prog65h\prog65h.pyproj", "{22DCCC9F-4B63-4012-8142-7B2F222F3C76}"
EndProject
Global
	GlobalSection(SolutionConfigurationPlatforms) = preSolution
		Debug|Any CPU = Debug|Any CPU
		Release|Any CPU = Release|Any CPU
	EndGlobalSection
	GlobalSection(ProjectConfigurationPlatforms) = postSolution
		{22DCCC9F-4B63-4012-8142-7B2F222F3C76}.Debug|Any CPU.Build.0 = Debug|Any CPU
		{22DCCC9F-4B63-4012-8142-7B2F222F3C76}.Debug|Any CPU.ActiveCfg = Debug|Any CPU
		{22DCCC9F-4B63-4012-8142-7B2F222F3C76}.Release|Any CPU.Build.0 = Release|Any CPU
		{22DCCC9F-4B63-4012-8142-7B2F222F3C76}.Release|Any CPU.ActiveCfg = Release|Any CPU
	EndGlobalSection
EndGlobal
