
Microsoft Visual Studio Solution File, Format Version 11.00
# Visual Studio 2010
# SharpDevelop 4.4
Project("{FD48973F-F585-4F70-812B-4D0503B36CE9}") = "Prog152b", "Prog152b\Prog152b.pyproj", "{CC1EE9C1-CE06-4330-884E-32778449E941}"
EndProject
Global
	GlobalSection(SolutionConfigurationPlatforms) = preSolution
		Debug|Any CPU = Debug|Any CPU
		Release|Any CPU = Release|Any CPU
	EndGlobalSection
	GlobalSection(ProjectConfigurationPlatforms) = postSolution
		{CC1EE9C1-CE06-4330-884E-32778449E941}.Debug|Any CPU.Build.0 = Debug|Any CPU
		{CC1EE9C1-CE06-4330-884E-32778449E941}.Debug|Any CPU.ActiveCfg = Debug|Any CPU
		{CC1EE9C1-CE06-4330-884E-32778449E941}.Release|Any CPU.Build.0 = Release|Any CPU
		{CC1EE9C1-CE06-4330-884E-32778449E941}.Release|Any CPU.ActiveCfg = Release|Any CPU
	EndGlobalSection
EndGlobal
